
Microsoft Visual Studio Solution File, Format Version 12.00
# Visual Studio 15
VisualStudioVersion = 15.0.26730.16
MinimumVisualStudioVersion = 10.0.40219.1
Project("{FAE04EC0-301F-11D3-BF4B-00C04F79EFBC}") = "GameBotConsole", "GameBotConsole.csproj", "{1064B9F9-5C02-41D9-A613-D14E6901E517}"
EndProject
Project("{FAE04EC0-301F-11D3-BF4B-00C04F79EFBC}") = "TestApp", "..\TestApp\TestApp.csproj", "{6287D227-19D8-489C-A705-C83B248D179E}"
EndProject
Global
	GlobalSection(SolutionConfigurationPlatforms) = preSolution
		Debug|Any CPU = Debug|Any CPU
		Debug|x64 = Debug|x64
		Release|Any CPU = Release|Any CPU
		Release|x64 = Release|x64
	EndGlobalSection
	GlobalSection(ProjectConfigurationPlatforms) = postSolution
		{1064B9F9-5C02-41D9-A613-D14E6901E517}.Debug|Any CPU.ActiveCfg = Debug|Any CPU
		{1064B9F9-5C02-41D9-A613-D14E6901E517}.Debug|Any CPU.Build.0 = Debug|Any CPU
		{1064B9F9-5C02-41D9-A613-D14E6901E517}.Debug|x64.ActiveCfg = Debug|x64
		{1064B9F9-5C02-41D9-A613-D14E6901E517}.Debug|x64.Build.0 = Debug|x64
		{1064B9F9-5C02-41D9-A613-D14E6901E517}.Release|Any CPU.ActiveCfg = Release|Any CPU
		{1064B9F9-5C02-41D9-A613-D14E6901E517}.Release|Any CPU.Build.0 = Release|Any CPU
		{1064B9F9-5C02-41D9-A613-D14E6901E517}.Release|x64.ActiveCfg = Release|x64
		{1064B9F9-5C02-41D9-A613-D14E6901E517}.Release|x64.Build.0 = Release|x64
		{6287D227-19D8-489C-A705-C83B248D179E}.Debug|Any CPU.ActiveCfg = Debug|Any CPU
		{6287D227-19D8-489C-A705-C83B248D179E}.Debug|Any CPU.Build.0 = Debug|Any CPU
		{6287D227-19D8-489C-A705-C83B248D179E}.Debug|x64.ActiveCfg = Debug|Any CPU
		{6287D227-19D8-489C-A705-C83B248D179E}.Debug|x64.Build.0 = Debug|Any CPU
		{6287D227-19D8-489C-A705-C83B248D179E}.Release|Any CPU.ActiveCfg = Release|Any CPU
		{6287D227-19D8-489C-A705-C83B248D179E}.Release|Any CPU.Build.0 = Release|Any CPU
		{6287D227-19D8-489C-A705-C83B248D179E}.Release|x64.ActiveCfg = Release|Any CPU
		{6287D227-19D8-489C-A705-C83B248D179E}.Release|x64.Build.0 = Release|Any CPU
	EndGlobalSection
	GlobalSection(SolutionProperties) = preSolution
		HideSolutionNode = FALSE
	EndGlobalSection
	GlobalSection(ExtensibilityGlobals) = postSolution
		SolutionGuid = {4D41EEA0-97A3-4461-AD2E-7F8CC6EFD60A}
	EndGlobalSection
EndGlobal
